
Microsoft Visual Studio Solution File, Format Version 12.00
# Visual Studio 15
VisualStudioVersion = 15.0.27130.2026
MinimumVisualStudioVersion = 10.0.40219.1
Project("{FAE04EC0-301F-11D3-BF4B-00C04F79EFBC}") = "DerafshSample", "DerafshSample\DerafshSample.csproj", "{40B74D32-230C-4CCA-A15E-2DB8F1DD868B}"
EndProject
Project("{FAE04EC0-301F-11D3-BF4B-00C04F79EFBC}") = "DerafshSample.Core", "DerafshSample.Core\DerafshSample.Core.csproj", "{ECFE2537-A7BA-4F1A-A79A-6D36ECFDFAE2}"
EndProject
Project("{FAE04EC0-301F-11D3-BF4B-00C04F79EFBC}") = "DerafshSample.ModelsLibrary", "DerafshSample.ModelsLibrary\DerafshSample.ModelsLibrary.csproj", "{7C8D2607-9404-4A8B-B6A6-15FC37379CE5}"
EndProject
Project("{FAE04EC0-301F-11D3-BF4B-00C04F79EFBC}") = "DerafshSample.Services", "DerafshSample.Services\DerafshSample.Services.csproj", "{6FF84146-7DA5-4364-92C1-701BBAF34610}"
EndProject
Global
	GlobalSection(SolutionConfigurationPlatforms) = preSolution
		Debug|Any CPU = Debug|Any CPU
		Release|Any CPU = Release|Any CPU
	EndGlobalSection
	GlobalSection(ProjectConfigurationPlatforms) = postSolution
		{40B74D32-230C-4CCA-A15E-2DB8F1DD868B}.Debug|Any CPU.ActiveCfg = Debug|Any CPU
		{40B74D32-230C-4CCA-A15E-2DB8F1DD868B}.Debug|Any CPU.Build.0 = Debug|Any CPU
		{40B74D32-230C-4CCA-A15E-2DB8F1DD868B}.Release|Any CPU.ActiveCfg = Release|Any CPU
		{40B74D32-230C-4CCA-A15E-2DB8F1DD868B}.Release|Any CPU.Build.0 = Release|Any CPU
		{ECFE2537-A7BA-4F1A-A79A-6D36ECFDFAE2}.Debug|Any CPU.ActiveCfg = Debug|Any CPU
		{ECFE2537-A7BA-4F1A-A79A-6D36ECFDFAE2}.Debug|Any CPU.Build.0 = Debug|Any CPU
		{ECFE2537-A7BA-4F1A-A79A-6D36ECFDFAE2}.Release|Any CPU.ActiveCfg = Release|Any CPU
		{ECFE2537-A7BA-4F1A-A79A-6D36ECFDFAE2}.Release|Any CPU.Build.0 = Release|Any CPU
		{7C8D2607-9404-4A8B-B6A6-15FC37379CE5}.Debug|Any CPU.ActiveCfg = Debug|Any CPU
		{7C8D2607-9404-4A8B-B6A6-15FC37379CE5}.Debug|Any CPU.Build.0 = Debug|Any CPU
		{7C8D2607-9404-4A8B-B6A6-15FC37379CE5}.Release|Any CPU.ActiveCfg = Release|Any CPU
		{7C8D2607-9404-4A8B-B6A6-15FC37379CE5}.Release|Any CPU.Build.0 = Release|Any CPU
		{6FF84146-7DA5-4364-92C1-701BBAF34610}.Debug|Any CPU.ActiveCfg = Debug|Any CPU
		{6FF84146-7DA5-4364-92C1-701BBAF34610}.Debug|Any CPU.Build.0 = Debug|Any CPU
		{6FF84146-7DA5-4364-92C1-701BBAF34610}.Release|Any CPU.ActiveCfg = Release|Any CPU
		{6FF84146-7DA5-4364-92C1-701BBAF34610}.Release|Any CPU.Build.0 = Release|Any CPU
	EndGlobalSection
	GlobalSection(SolutionProperties) = preSolution
		HideSolutionNode = FALSE
	EndGlobalSection
	GlobalSection(ExtensibilityGlobals) = postSolution
		SolutionGuid = {5D3C9159-8D3D-49B6-80F4-39F297EC74C9}
	EndGlobalSection
EndGlobal
